
Microsoft Visual Studio Solution File, Format Version 12.00
# Visual Studio 14
VisualStudioVersion = 14.0.25123.0
MinimumVisualStudioVersion = 10.0.40219.1
Project("{FAE04EC0-301F-11D3-BF4B-00C04F79EFBC}") = "GDILesson12", "GDILesson12\GDILesson12.csproj", "{AD87273C-9108-4221-85E6-EF4B37B014AC}"
EndProject
Project("{FAE04EC0-301F-11D3-BF4B-00C04F79EFBC}") = "MyLibrary", "MyLibrary\MyLibrary.csproj", "{B566AB43-7FF6-4D90-8089-2C5956D932A2}"
EndProject
Global
	GlobalSection(SolutionConfigurationPlatforms) = preSolution
		Debug|Any CPU = Debug|Any CPU
		Release|Any CPU = Release|Any CPU
	EndGlobalSection
	GlobalSection(ProjectConfigurationPlatforms) = postSolution
		{AD87273C-9108-4221-85E6-EF4B37B014AC}.Debug|Any CPU.ActiveCfg = Debug|Any CPU
		{AD87273C-9108-4221-85E6-EF4B37B014AC}.Debug|Any CPU.Build.0 = Debug|Any CPU
		{AD87273C-9108-4221-85E6-EF4B37B014AC}.Release|Any CPU.ActiveCfg = Release|Any CPU
		{AD87273C-9108-4221-85E6-EF4B37B014AC}.Release|Any CPU.Build.0 = Release|Any CPU
		{B566AB43-7FF6-4D90-8089-2C5956D932A2}.Debug|Any CPU.ActiveCfg = Debug|Any CPU
		{B566AB43-7FF6-4D90-8089-2C5956D932A2}.Debug|Any CPU.Build.0 = Debug|Any CPU
		{B566AB43-7FF6-4D90-8089-2C5956D932A2}.Release|Any CPU.ActiveCfg = Release|Any CPU
		{B566AB43-7FF6-4D90-8089-2C5956D932A2}.Release|Any CPU.Build.0 = Release|Any CPU
	EndGlobalSection
	GlobalSection(SolutionProperties) = preSolution
		HideSolutionNode = FALSE
	EndGlobalSection
EndGlobal
