
Microsoft Visual Studio Solution File, Format Version 12.00
# Visual Studio 14
VisualStudioVersion = 14.0.25123.0
MinimumVisualStudioVersion = 10.0.40219.1
Project("{FAE04EC0-301F-11D3-BF4B-00C04F79EFBC}") = "GDILesson07", "GDILesson07\GDILesson07.csproj", "{0EE46536-9E4B-4539-B184-A701266F1DFF}"
EndProject
Project("{FAE04EC0-301F-11D3-BF4B-00C04F79EFBC}") = "RegionDemo", "Region\RegionDemo.csproj", "{FF949CA6-F9D4-4D02-BC8C-0AE56E3DBAE6}"
EndProject
Global
	GlobalSection(SolutionConfigurationPlatforms) = preSolution
		Debug|Any CPU = Debug|Any CPU
		Release|Any CPU = Release|Any CPU
	EndGlobalSection
	GlobalSection(ProjectConfigurationPlatforms) = postSolution
		{0EE46536-9E4B-4539-B184-A701266F1DFF}.Debug|Any CPU.ActiveCfg = Debug|Any CPU
		{0EE46536-9E4B-4539-B184-A701266F1DFF}.Debug|Any CPU.Build.0 = Debug|Any CPU
		{0EE46536-9E4B-4539-B184-A701266F1DFF}.Release|Any CPU.ActiveCfg = Release|Any CPU
		{0EE46536-9E4B-4539-B184-A701266F1DFF}.Release|Any CPU.Build.0 = Release|Any CPU
		{FF949CA6-F9D4-4D02-BC8C-0AE56E3DBAE6}.Debug|Any CPU.ActiveCfg = Debug|Any CPU
		{FF949CA6-F9D4-4D02-BC8C-0AE56E3DBAE6}.Debug|Any CPU.Build.0 = Debug|Any CPU
		{FF949CA6-F9D4-4D02-BC8C-0AE56E3DBAE6}.Release|Any CPU.ActiveCfg = Release|Any CPU
		{FF949CA6-F9D4-4D02-BC8C-0AE56E3DBAE6}.Release|Any CPU.Build.0 = Release|Any CPU
	EndGlobalSection
	GlobalSection(SolutionProperties) = preSolution
		HideSolutionNode = FALSE
	EndGlobalSection
EndGlobal
